// !$*UTF8*$!
{
	archiveVersion = 1;
	classes = {
	};
	objectVersion = 46;
	objects = {

/* Begin PBXBuildFile section */
		372744AD1534197E008AEF72 /* UIKit.framework in Frameworks */ = {isa = PBXBuildFile; fileRef = 372744AC1534197E008AEF72 /* UIKit.framework */; };
		372744AE1534197E008AEF72 /* Foundation.framework in Frameworks */ = {isa = PBXBuildFile; fileRef = 37A072EF14C487580094CD27 /* Foundation.framework */; };
		372744B81534197E008AEF72 /* main.m in Sources */ = {isa = PBXBuildFile; fileRef = 372744B71534197E008AEF72 /* main.m */; };
		372744C0153419FC008AEF72 /* objcswitch_tests.m in Sources */ = {isa = PBXBuildFile; fileRef = 37A0731414C487BB0094CD27 /* objcswitch_tests.m */; };
		372744C215341A63008AEF72 /* SenTestingKit.framework in Frameworks */ = {isa = PBXBuildFile; fileRef = 37A0730514C487BB0094CD27 /* SenTestingKit.framework */; };
		372744C915341D28008AEF72 /* NSObject+objcswitch.m in Sources */ = {isa = PBXBuildFile; fileRef = 37A072FE14C487960094CD27 /* NSObject+objcswitch.m */; };
		373D21D114CE13F900C039BF /* Foundation.framework in Frameworks */ = {isa = PBXBuildFile; fileRef = 37A072EF14C487580094CD27 /* Foundation.framework */; };
		373D21D814CE17D400C039BF /* Foundation.framework in Frameworks */ = {isa = PBXBuildFile; fileRef = 37A072EF14C487580094CD27 /* Foundation.framework */; };
		373D21E414CE184800C039BF /* SenTestingKit.framework in Frameworks */ = {isa = PBXBuildFile; fileRef = 37A0730514C487BB0094CD27 /* SenTestingKit.framework */; };
		37A0730614C487BB0094CD27 /* SenTestingKit.framework in Frameworks */ = {isa = PBXBuildFile; fileRef = 37A0730514C487BB0094CD27 /* SenTestingKit.framework */; };
		37A0731514C487BB0094CD27 /* objcswitch_tests.m in Sources */ = {isa = PBXBuildFile; fileRef = 37A0731414C487BB0094CD27 /* objcswitch_tests.m */; };
		37A0731A14C48A890094CD27 /* NSObject+objcswitch.m in Sources */ = {isa = PBXBuildFile; fileRef = 37A072FE14C487960094CD27 /* NSObject+objcswitch.m */; };
		37A0731C14C4CD980094CD27 /* README.md in Resources */ = {isa = PBXBuildFile; fileRef = 37A0731B14C4CD980094CD27 /* README.md */; };
/* End PBXBuildFile section */

/* Begin PBXCopyFilesBuildPhase section */
		373D21D414CE17D400C039BF /* CopyFiles */ = {
			isa = PBXCopyFilesBuildPhase;
			buildActionMask = 2147483647;
			dstPath = /usr/share/man/man1/;
			dstSubfolderSpec = 0;
			files = (
			);
			runOnlyForDeploymentPostprocessing = 1;
		};
/* End PBXCopyFilesBuildPhase section */

/* Begin PBXFileReference section */
		371C912E14CDD60400617D4C /* objcswitch_case.def.h */ = {isa = PBXFileReference; fileEncoding = 4; lastKnownFileType = sourcecode.c.h; path = objcswitch_case.def.h; sourceTree = SOURCE_ROOT; };
		371C912F14CDD61600617D4C /* objcswitch_switch.def.h */ = {isa = PBXFileReference; fileEncoding = 4; lastKnownFileType = sourcecode.c.h; path = objcswitch_switch.def.h; sourceTree = SOURCE_ROOT; };
		372744AA1534197E008AEF72 /* ios_app.app */ = {isa = PBXFileReference; explicitFileType = wrapper.application; includeInIndex = 0; path = ios_app.app; sourceTree = BUILT_PRODUCTS_DIR; };
		372744AC1534197E008AEF72 /* UIKit.framework */ = {isa = PBXFileReference; lastKnownFileType = wrapper.framework; name = UIKit.framework; path = Library/Frameworks/UIKit.framework; sourceTree = DEVELOPER_DIR; };
		372744B31534197E008AEF72 /* ios_app-Info.plist */ = {isa = PBXFileReference; lastKnownFileType = text.plist.xml; path = "ios_app-Info.plist"; sourceTree = "<group>"; };
		372744B71534197E008AEF72 /* main.m */ = {isa = PBXFileReference; lastKnownFileType = sourcecode.c.objc; path = main.m; sourceTree = "<group>"; };
		373D21D614CE17D400C039BF /* test */ = {isa = PBXFileReference; explicitFileType = "compiled.mach-o.executable"; includeInIndex = 0; name = test; path = objcswitch_tests_build; sourceTree = BUILT_PRODUCTS_DIR; };
		37A072EF14C487580094CD27 /* Foundation.framework */ = {isa = PBXFileReference; lastKnownFileType = wrapper.framework; name = Foundation.framework; path = System/Library/Frameworks/Foundation.framework; sourceTree = SDKROOT; };
		37A072FD14C487960094CD27 /* NSObject+objcswitch.h */ = {isa = PBXFileReference; lastKnownFileType = sourcecode.c.h; path = "NSObject+objcswitch.h"; sourceTree = SOURCE_ROOT; };
		37A072FE14C487960094CD27 /* NSObject+objcswitch.m */ = {isa = PBXFileReference; lastKnownFileType = sourcecode.c.objc; path = "NSObject+objcswitch.m"; sourceTree = SOURCE_ROOT; };
		37A0730414C487BB0094CD27 /* objcswitch_tests.octest */ = {isa = PBXFileReference; explicitFileType = wrapper.cfbundle; includeInIndex = 0; path = objcswitch_tests.octest; sourceTree = BUILT_PRODUCTS_DIR; };
		37A0730514C487BB0094CD27 /* SenTestingKit.framework */ = {isa = PBXFileReference; lastKnownFileType = wrapper.framework; name = SenTestingKit.framework; path = Library/Frameworks/SenTestingKit.framework; sourceTree = DEVELOPER_DIR; };
		37A0730F14C487BB0094CD27 /* tests-Info.plist */ = {isa = PBXFileReference; lastKnownFileType = text.plist.xml; path = "tests-Info.plist"; sourceTree = "<group>"; };
		37A0731414C487BB0094CD27 /* objcswitch_tests.m */ = {isa = PBXFileReference; lastKnownFileType = sourcecode.c.objc; path = objcswitch_tests.m; sourceTree = "<group>"; };
		37A0731B14C4CD980094CD27 /* README.md */ = {isa = PBXFileReference; fileEncoding = 4; lastKnownFileType = text; path = README.md; sourceTree = SOURCE_ROOT; };
/* End PBXFileReference section */

/* Begin PBXFrameworksBuildPhase section */
		372744A71534197E008AEF72 /* Frameworks */ = {
			isa = PBXFrameworksBuildPhase;
			buildActionMask = 2147483647;
			files = (
				372744AD1534197E008AEF72 /* UIKit.framework in Frameworks */,
				372744AE1534197E008AEF72 /* Foundation.framework in Frameworks */,
				372744C215341A63008AEF72 /* SenTestingKit.framework in Frameworks */,
			);
			runOnlyForDeploymentPostprocessing = 0;
		};
		373D21D314CE17D400C039BF /* Frameworks */ = {
			isa = PBXFrameworksBuildPhase;
			buildActionMask = 2147483647;
			files = (
				373D21D814CE17D400C039BF /* Foundation.framework in Frameworks */,
				373D21E414CE184800C039BF /* SenTestingKit.framework in Frameworks */,
			);
			runOnlyForDeploymentPostprocessing = 0;
		};
		37A0730014C487BB0094CD27 /* Frameworks */ = {
			isa = PBXFrameworksBuildPhase;
			buildActionMask = 2147483647;
			files = (
				37A0730614C487BB0094CD27 /* SenTestingKit.framework in Frameworks */,
				373D21D114CE13F900C039BF /* Foundation.framework in Frameworks */,
			);
			runOnlyForDeploymentPostprocessing = 0;
		};
/* End PBXFrameworksBuildPhase section */

/* Begin PBXGroup section */
		37A072E014C487570094CD27 = {
			isa = PBXGroup;
			children = (
				37A0731B14C4CD980094CD27 /* README.md */,
				37A072F114C487580094CD27 /* objcswitch */,
				37A0730D14C487BB0094CD27 /* tests */,
				37A072EE14C487580094CD27 /* Frameworks */,
				37A072EC14C487580094CD27 /* Products */,
			);
			sourceTree = "<group>";
		};
		37A072EC14C487580094CD27 /* Products */ = {
			isa = PBXGroup;
			children = (
				37A0730414C487BB0094CD27 /* objcswitch_tests.octest */,
				373D21D614CE17D400C039BF /* test */,
				372744AA1534197E008AEF72 /* ios_app.app */,
			);
			name = Products;
			sourceTree = "<group>";
		};
		37A072EE14C487580094CD27 /* Frameworks */ = {
			isa = PBXGroup;
			children = (
				37A072EF14C487580094CD27 /* Foundation.framework */,
				37A0730514C487BB0094CD27 /* SenTestingKit.framework */,
				372744AC1534197E008AEF72 /* UIKit.framework */,
			);
			name = Frameworks;
			sourceTree = "<group>";
		};
		37A072F114C487580094CD27 /* objcswitch */ = {
			isa = PBXGroup;
			children = (
				37A072FD14C487960094CD27 /* NSObject+objcswitch.h */,
				371C912F14CDD61600617D4C /* objcswitch_switch.def.h */,
				371C912E14CDD60400617D4C /* objcswitch_case.def.h */,
				37A072FE14C487960094CD27 /* NSObject+objcswitch.m */,
			);
			path = objcswitch;
			sourceTree = "<group>";
		};
		37A0730D14C487BB0094CD27 /* tests */ = {
			isa = PBXGroup;
			children = (
				37A0731414C487BB0094CD27 /* objcswitch_tests.m */,
				37A0730F14C487BB0094CD27 /* tests-Info.plist */,
				372744B71534197E008AEF72 /* main.m */,
				372744B31534197E008AEF72 /* ios_app-Info.plist */,
			);
			name = tests;
			sourceTree = "<group>";
		};
/* End PBXGroup section */

/* Begin PBXNativeTarget section */
		372744A91534197E008AEF72 /* ios_app */ = {
			isa = PBXNativeTarget;
			buildConfigurationList = 372744BD1534197E008AEF72 /* Build configuration list for PBXNativeTarget "ios_app" */;
			buildPhases = (
				372744A61534197E008AEF72 /* Sources */,
				372744A71534197E008AEF72 /* Frameworks */,
				372744A81534197E008AEF72 /* Resources */,
			);
			buildRules = (
			);
			dependencies = (
			);
			name = ios_app;
			productName = objcswitch_ios_tests;
			productReference = 372744AA1534197E008AEF72 /* ios_app.app */;
			productType = "com.apple.product-type.application";
		};
		373D21D514CE17D400C039BF /* debug_preprocessor_output */ = {
			isa = PBXNativeTarget;
			buildConfigurationList = 373D21E014CE17D400C039BF /* Build configuration list for PBXNativeTarget "debug_preprocessor_output" */;
			buildPhases = (
				373D21D214CE17D400C039BF /* Sources */,
				373D21D314CE17D400C039BF /* Frameworks */,
				373D21D414CE17D400C039BF /* CopyFiles */,
			);
			buildRules = (
			);
			dependencies = (
			);
			name = debug_preprocessor_output;
			productName = test;
			productReference = 373D21D614CE17D400C039BF /* test */;
			productType = "com.apple.product-type.tool";
		};
		37A0730314C487BB0094CD27 /* objcswitch_tests */ = {
			isa = PBXNativeTarget;
			buildConfigurationList = 37A0731714C487BB0094CD27 /* Build configuration list for PBXNativeTarget "objcswitch_tests" */;
			buildPhases = (
				37A072FF14C487BB0094CD27 /* Sources */,
				37A0730014C487BB0094CD27 /* Frameworks */,
				37A0730114C487BB0094CD27 /* Resources */,
				37A0730214C487BB0094CD27 /* ShellScript */,
			);
			buildRules = (
			);
			dependencies = (
			);
			name = objcswitch_tests;
			productName = "objcswitch-tests";
			productReference = 37A0730414C487BB0094CD27 /* objcswitch_tests.octest */;
			productType = "com.apple.product-type.bundle";
		};
/* End PBXNativeTarget section */

/* Begin PBXProject section */
		37A072E214C487570094CD27 /* Project object */ = {
			isa = PBXProject;
			attributes = {
				LastUpgradeCheck = 0420;
				ORGANIZATIONNAME = Visuamobile;
			};
			buildConfigurationList = 37A072E514C487570094CD27 /* Build configuration list for PBXProject "objcswitch" */;
			compatibilityVersion = "Xcode 3.2";
			developmentRegion = English;
			hasScannedForEncodings = 0;
			knownRegions = (
				en,
			);
			mainGroup = 37A072E014C487570094CD27;
			productRefGroup = 37A072EC14C487580094CD27 /* Products */;
			projectDirPath = "";
			projectRoot = "";
			targets = (
				373D21D514CE17D400C039BF /* debug_preprocessor_output */,
				37A0730314C487BB0094CD27 /* objcswitch_tests */,
				372744A91534197E008AEF72 /* ios_app */,
			);
		};
/* End PBXProject section */

/* Begin PBXResourcesBuildPhase section */
		372744A81534197E008AEF72 /* Resources */ = {
			isa = PBXResourcesBuildPhase;
			buildActionMask = 2147483647;
			files = (
			);
			runOnlyForDeploymentPostprocessing = 0;
		};
		37A0730114C487BB0094CD27 /* Resources */ = {
			isa = PBXResourcesBuildPhase;
			buildActionMask = 2147483647;
			files = (
				37A0731C14C4CD980094CD27 /* README.md in Resources */,
			);
			runOnlyForDeploymentPostprocessing = 0;
		};
/* End PBXResourcesBuildPhase section */

/* Begin PBXShellScriptBuildPhase section */
		37A0730214C487BB0094CD27 /* ShellScript */ = {
			isa = PBXShellScriptBuildPhase;
			buildActionMask = 2147483647;
			files = (
			);
			inputPaths = (
			);
			outputPaths = (
			);
			runOnlyForDeploymentPostprocessing = 0;
			shellPath = /bin/sh;
			shellScript = "# Run the unit tests in this test bundle.\n\"${SYSTEM_DEVELOPER_DIR}/Tools/RunUnitTests\"\n";
		};
/* End PBXShellScriptBuildPhase section */

/* Begin PBXSourcesBuildPhase section */
		372744A61534197E008AEF72 /* Sources */ = {
			isa = PBXSourcesBuildPhase;
			buildActionMask = 2147483647;
			files = (
				372744B81534197E008AEF72 /* main.m in Sources */,
				372744C0153419FC008AEF72 /* objcswitch_tests.m in Sources */,
			);
			runOnlyForDeploymentPostprocessing = 0;
		};
		373D21D214CE17D400C039BF /* Sources */ = {
			isa = PBXSourcesBuildPhase;
			buildActionMask = 2147483647;
			files = (
				372744C915341D28008AEF72 /* NSObject+objcswitch.m in Sources */,
			);
			runOnlyForDeploymentPostprocessing = 0;
		};
		37A072FF14C487BB0094CD27 /* Sources */ = {
			isa = PBXSourcesBuildPhase;
			buildActionMask = 2147483647;
			files = (
				37A0731514C487BB0094CD27 /* objcswitch_tests.m in Sources */,
				37A0731A14C48A890094CD27 /* NSObject+objcswitch.m in Sources */,
			);
			runOnlyForDeploymentPostprocessing = 0;
		};
/* End PBXSourcesBuildPhase section */

/* Begin XCBuildConfiguration section */
		372744BE1534197E008AEF72 /* Debug */ = {
			isa = XCBuildConfiguration;
			buildSettings = {
				ARCHS = "$(ARCHS_STANDARD_32_BIT)";
				"CODE_SIGN_IDENTITY[sdk=iphoneos*]" = "iPhone Developer";
				FRAMEWORK_SEARCH_PATHS = (
					"$(inherited)",
					"$(SDKROOT)/Developer/Library/Frameworks",
				);
				GCC_C_LANGUAGE_STANDARD = gnu99;
				INFOPLIST_FILE = "ios_app-Info.plist";
				IPHONEOS_DEPLOYMENT_TARGET = 5.1;
				PRODUCT_NAME = "$(TARGET_NAME)";
				SDKROOT = iphoneos;
				WRAPPER_EXTENSION = app;
			};
			name = Debug;
		};
		372744BF1534197E008AEF72 /* Release */ = {
			isa = XCBuildConfiguration;
			buildSettings = {
				ARCHS = "$(ARCHS_STANDARD_32_BIT)";
				"CODE_SIGN_IDENTITY[sdk=iphoneos*]" = "iPhone Developer";
				FRAMEWORK_SEARCH_PATHS = (
					"$(inherited)",
					"$(SDKROOT)/Developer/Library/Frameworks",
				);
				GCC_C_LANGUAGE_STANDARD = gnu99;
				INFOPLIST_FILE = "ios_app-Info.plist";
				IPHONEOS_DEPLOYMENT_TARGET = 5.1;
				PRODUCT_NAME = "$(TARGET_NAME)";
				SDKROOT = iphoneos;
				VALIDATE_PRODUCT = YES;
				WRAPPER_EXTENSION = app;
			};
			name = Release;
		};
		373D21E114CE17D400C039BF /* Debug */ = {
			isa = XCBuildConfiguration;
			buildSettings = {
				FRAMEWORK_SEARCH_PATHS = "$(DEVELOPER_LIBRARY_DIR)/Frameworks";
				PRODUCT_NAME = "$(TARGET_NAME)";
			};
			name = Debug;
		};
		373D21E214CE17D400C039BF /* Release */ = {
			isa = XCBuildConfiguration;
			buildSettings = {
				FRAMEWORK_SEARCH_PATHS = "$(DEVELOPER_LIBRARY_DIR)/Frameworks";
				PRODUCT_NAME = "$(TARGET_NAME)";
			};
			name = Release;
		};
		37A072F814C487580094CD27 /* Debug */ = {
			isa = XCBuildConfiguration;
			buildSettings = {
				ALWAYS_SEARCH_USER_PATHS = NO;
				ARCHS = "$(ARCHS_STANDARD_64_BIT)";
				CLANG_ENABLE_OBJC_ARC = YES;
				COPY_PHASE_STRIP = NO;
				GCC_DYNAMIC_NO_PIC = NO;
				GCC_OPTIMIZATION_LEVEL = 0;
				GCC_PREPROCESSOR_DEFINITIONS = (
					"DEBUG=1",
					"$(inherited)",
				);
				GCC_SYMBOLS_PRIVATE_EXTERN = NO;
				GCC_VERSION = com.apple.compilers.llvm.clang.1_0;
				GCC_WARN_64_TO_32_BIT_CONVERSION = YES;
				GCC_WARN_ABOUT_MISSING_PROTOTYPES = YES;
				GCC_WARN_ABOUT_RETURN_TYPE = YES;
				GCC_WARN_UNUSED_VARIABLE = YES;
				MACOSX_DEPLOYMENT_TARGET = 10.7;
				ONLY_ACTIVE_ARCH = YES;
				SDKROOT = macosx;
			};
			name = Debug;
		};
		37A072F914C487580094CD27 /* Release */ = {
			isa = XCBuildConfiguration;
			buildSettings = {
				ALWAYS_SEARCH_USER_PATHS = NO;
				ARCHS = "$(ARCHS_STANDARD_64_BIT)";
				CLANG_ENABLE_OBJC_ARC = YES;
				COPY_PHASE_STRIP = YES;
				DEBUG_INFORMATION_FORMAT = "dwarf-with-dsym";
				GCC_VERSION = com.apple.compilers.llvm.clang.1_0;
				GCC_WARN_64_TO_32_BIT_CONVERSION = YES;
				GCC_WARN_ABOUT_MISSING_PROTOTYPES = YES;
				GCC_WARN_ABOUT_RETURN_TYPE = YES;
				GCC_WARN_UNUSED_VARIABLE = YES;
				MACOSX_DEPLOYMENT_TARGET = 10.7;
				SDKROOT = macosx;
			};
			name = Release;
		};
		37A0731814C487BB0094CD27 /* Debug */ = {
			isa = XCBuildConfiguration;
			buildSettings = {
				FRAMEWORK_SEARCH_PATHS = "$(DEVELOPER_LIBRARY_DIR)/Frameworks";
				INFOPLIST_FILE = "tests-Info.plist";
				PRODUCT_NAME = "$(TARGET_NAME)";
				WRAPPER_EXTENSION = octest;
			};
			name = Debug;
		};
		37A0731914C487BB0094CD27 /* Release */ = {
			isa = XCBuildConfiguration;
			buildSettings = {
				FRAMEWORK_SEARCH_PATHS = "$(DEVELOPER_LIBRARY_DIR)/Frameworks";
				INFOPLIST_FILE = "tests-Info.plist";
				PRODUCT_NAME = "$(TARGET_NAME)";
				WRAPPER_EXTENSION = octest;
			};
			name = Release;
		};
/* End XCBuildConfiguration section */

/* Begin XCConfigurationList section */
		372744BD1534197E008AEF72 /* Build configuration list for PBXNativeTarget "ios_app" */ = {
			isa = XCConfigurationList;
			buildConfigurations = (
				372744BE1534197E008AEF72 /* Debug */,
				372744BF1534197E008AEF72 /* Release */,
			);
			defaultConfigurationIsVisible = 0;
			defaultConfigurationName = Release;
		};
		373D21E014CE17D400C039BF /* Build configuration list for PBXNativeTarget "debug_preprocessor_output" */ = {
			isa = XCConfigurationList;
			buildConfigurations = (
				373D21E114CE17D400C039BF /* Debug */,
				373D21E214CE17D400C039BF /* Release */,
			);
			defaultConfigurationIsVisible = 0;
			defaultConfigurationName = Release;
		};
		37A072E514C487570094CD27 /* Build configuration list for PBXProject "objcswitch" */ = {
			isa = XCConfigurationList;
			buildConfigurations = (
				37A072F814C487580094CD27 /* Debug */,
				37A072F914C487580094CD27 /* Release */,
			);
			defaultConfigurationIsVisible = 0;
			defaultConfigurationName = Release;
		};
		37A0731714C487BB0094CD27 /* Build configuration list for PBXNativeTarget "objcswitch_tests" */ = {
			isa = XCConfigurationList;
			buildConfigurations = (
				37A0731814C487BB0094CD27 /* Debug */,
				37A0731914C487BB0094CD27 /* Release */,
			);
			defaultConfigurationIsVisible = 0;
			defaultConfigurationName = Release;
		};
/* End XCConfigurationList section */
	};
	rootObject = 37A072E214C487570094CD27 /* Project object */;
}
