// !$*UTF8*$!
{
	archiveVersion = 1;
	classes = {
	};
	objectVersion = 46;
	objects = {

/* Begin PBXBuildFile section */
		37A0730614C487BB0094CD27 /* SenTestingKit.framework in Frameworks */ = {isa = PBXBuildFile; fileRef = 37A0730514C487BB0094CD27 /* SenTestingKit.framework */; };
		37A0730814C487BB0094CD27 /* Cocoa.framework in Frameworks */ = {isa = PBXBuildFile; fileRef = 37A0730714C487BB0094CD27 /* Cocoa.framework */; };
		37A0731514C487BB0094CD27 /* objcswitch_tests.m in Sources */ = {isa = PBXBuildFile; fileRef = 37A0731414C487BB0094CD27 /* objcswitch_tests.m */; };
		37A0731A14C48A890094CD27 /* NSObject+objcswitch.m in Sources */ = {isa = PBXBuildFile; fileRef = 37A072FE14C487960094CD27 /* NSObject+objcswitch.m */; };
		37A0731C14C4CD980094CD27 /* README.md in Resources */ = {isa = PBXBuildFile; fileRef = 37A0731B14C4CD980094CD27 /* README.md */; };
/* End PBXBuildFile section */

/* Begin PBXFileReference section */
		37A072EF14C487580094CD27 /* Foundation.framework */ = {isa = PBXFileReference; lastKnownFileType = wrapper.framework; name = Foundation.framework; path = System/Library/Frameworks/Foundation.framework; sourceTree = SDKROOT; };
		37A072FD14C487960094CD27 /* NSObject+objcswitch.h */ = {isa = PBXFileReference; lastKnownFileType = sourcecode.c.h; path = "NSObject+objcswitch.h"; sourceTree = SOURCE_ROOT; };
		37A072FE14C487960094CD27 /* NSObject+objcswitch.m */ = {isa = PBXFileReference; lastKnownFileType = sourcecode.c.objc; path = "NSObject+objcswitch.m"; sourceTree = SOURCE_ROOT; };
		37A0730414C487BB0094CD27 /* objcswitch_tests.octest */ = {isa = PBXFileReference; explicitFileType = wrapper.cfbundle; includeInIndex = 0; path = objcswitch_tests.octest; sourceTree = BUILT_PRODUCTS_DIR; };
		37A0730514C487BB0094CD27 /* SenTestingKit.framework */ = {isa = PBXFileReference; lastKnownFileType = wrapper.framework; name = SenTestingKit.framework; path = Library/Frameworks/SenTestingKit.framework; sourceTree = DEVELOPER_DIR; };
		37A0730714C487BB0094CD27 /* Cocoa.framework */ = {isa = PBXFileReference; lastKnownFileType = wrapper.framework; name = Cocoa.framework; path = Library/Frameworks/Cocoa.framework; sourceTree = DEVELOPER_DIR; };
		37A0730A14C487BB0094CD27 /* AppKit.framework */ = {isa = PBXFileReference; lastKnownFileType = wrapper.framework; name = AppKit.framework; path = Library/Frameworks/AppKit.framework; sourceTree = SDKROOT; };
		37A0730B14C487BB0094CD27 /* CoreData.framework */ = {isa = PBXFileReference; lastKnownFileType = wrapper.framework; name = CoreData.framework; path = Library/Frameworks/CoreData.framework; sourceTree = SDKROOT; };
		37A0730C14C487BB0094CD27 /* Foundation.framework */ = {isa = PBXFileReference; lastKnownFileType = wrapper.framework; name = Foundation.framework; path = Library/Frameworks/Foundation.framework; sourceTree = SDKROOT; };
		37A0730F14C487BB0094CD27 /* objcswitch_tests-Info.plist */ = {isa = PBXFileReference; lastKnownFileType = text.plist.xml; path = "objcswitch_tests-Info.plist"; sourceTree = "<group>"; };
		37A0731414C487BB0094CD27 /* objcswitch_tests.m */ = {isa = PBXFileReference; lastKnownFileType = sourcecode.c.objc; path = objcswitch_tests.m; sourceTree = "<group>"; };
		37A0731B14C4CD980094CD27 /* README.md */ = {isa = PBXFileReference; fileEncoding = 4; lastKnownFileType = text; path = README.md; sourceTree = SOURCE_ROOT; };
/* End PBXFileReference section */

/* Begin PBXFrameworksBuildPhase section */
		37A0730014C487BB0094CD27 /* Frameworks */ = {
			isa = PBXFrameworksBuildPhase;
			buildActionMask = 2147483647;
			files = (
				37A0730614C487BB0094CD27 /* SenTestingKit.framework in Frameworks */,
				37A0730814C487BB0094CD27 /* Cocoa.framework in Frameworks */,
			);
			runOnlyForDeploymentPostprocessing = 0;
		};
/* End PBXFrameworksBuildPhase section */

/* Begin PBXGroup section */
		37A072E014C487570094CD27 = {
			isa = PBXGroup;
			children = (
				37A0731B14C4CD980094CD27 /* README.md */,
				37A072F114C487580094CD27 /* objcswitch */,
				37A0730D14C487BB0094CD27 /* objcswitch-tests */,
				37A072EE14C487580094CD27 /* Frameworks */,
				37A072EC14C487580094CD27 /* Products */,
			);
			sourceTree = "<group>";
		};
		37A072EC14C487580094CD27 /* Products */ = {
			isa = PBXGroup;
			children = (
				37A0730414C487BB0094CD27 /* objcswitch_tests.octest */,
			);
			name = Products;
			sourceTree = "<group>";
		};
		37A072EE14C487580094CD27 /* Frameworks */ = {
			isa = PBXGroup;
			children = (
				37A072EF14C487580094CD27 /* Foundation.framework */,
				37A0730514C487BB0094CD27 /* SenTestingKit.framework */,
				37A0730714C487BB0094CD27 /* Cocoa.framework */,
				37A0730914C487BB0094CD27 /* Other Frameworks */,
			);
			name = Frameworks;
			sourceTree = "<group>";
		};
		37A072F114C487580094CD27 /* objcswitch */ = {
			isa = PBXGroup;
			children = (
				37A072FD14C487960094CD27 /* NSObject+objcswitch.h */,
				37A072FE14C487960094CD27 /* NSObject+objcswitch.m */,
			);
			path = objcswitch;
			sourceTree = "<group>";
		};
		37A0730914C487BB0094CD27 /* Other Frameworks */ = {
			isa = PBXGroup;
			children = (
				37A0730A14C487BB0094CD27 /* AppKit.framework */,
				37A0730B14C487BB0094CD27 /* CoreData.framework */,
				37A0730C14C487BB0094CD27 /* Foundation.framework */,
			);
			name = "Other Frameworks";
			sourceTree = "<group>";
		};
		37A0730D14C487BB0094CD27 /* objcswitch-tests */ = {
			isa = PBXGroup;
			children = (
				37A0731414C487BB0094CD27 /* objcswitch_tests.m */,
				37A0730F14C487BB0094CD27 /* objcswitch_tests-Info.plist */,
			);
			name = "objcswitch-tests";
			sourceTree = "<group>";
		};
/* End PBXGroup section */

/* Begin PBXNativeTarget section */
		37A0730314C487BB0094CD27 /* objcswitch_tests */ = {
			isa = PBXNativeTarget;
			buildConfigurationList = 37A0731714C487BB0094CD27 /* Build configuration list for PBXNativeTarget "objcswitch_tests" */;
			buildPhases = (
				37A072FF14C487BB0094CD27 /* Sources */,
				37A0730014C487BB0094CD27 /* Frameworks */,
				37A0730114C487BB0094CD27 /* Resources */,
				37A0730214C487BB0094CD27 /* ShellScript */,
			);
			buildRules = (
			);
			dependencies = (
			);
			name = objcswitch_tests;
			productName = "objcswitch-tests";
			productReference = 37A0730414C487BB0094CD27 /* objcswitch_tests.octest */;
			productType = "com.apple.product-type.bundle";
		};
/* End PBXNativeTarget section */

/* Begin PBXProject section */
		37A072E214C487570094CD27 /* Project object */ = {
			isa = PBXProject;
			attributes = {
				LastUpgradeCheck = 0420;
				ORGANIZATIONNAME = Visuamobile;
			};
			buildConfigurationList = 37A072E514C487570094CD27 /* Build configuration list for PBXProject "objcswitch" */;
			compatibilityVersion = "Xcode 3.2";
			developmentRegion = English;
			hasScannedForEncodings = 0;
			knownRegions = (
				en,
			);
			mainGroup = 37A072E014C487570094CD27;
			productRefGroup = 37A072EC14C487580094CD27 /* Products */;
			projectDirPath = "";
			projectRoot = "";
			targets = (
				37A0730314C487BB0094CD27 /* objcswitch_tests */,
			);
		};
/* End PBXProject section */

/* Begin PBXResourcesBuildPhase section */
		37A0730114C487BB0094CD27 /* Resources */ = {
			isa = PBXResourcesBuildPhase;
			buildActionMask = 2147483647;
			files = (
				37A0731C14C4CD980094CD27 /* README.md in Resources */,
			);
			runOnlyForDeploymentPostprocessing = 0;
		};
/* End PBXResourcesBuildPhase section */

/* Begin PBXShellScriptBuildPhase section */
		37A0730214C487BB0094CD27 /* ShellScript */ = {
			isa = PBXShellScriptBuildPhase;
			buildActionMask = 2147483647;
			files = (
			);
			inputPaths = (
			);
			outputPaths = (
			);
			runOnlyForDeploymentPostprocessing = 0;
			shellPath = /bin/sh;
			shellScript = "# Run the unit tests in this test bundle.\n\"${SYSTEM_DEVELOPER_DIR}/Tools/RunUnitTests\"\n";
		};
/* End PBXShellScriptBuildPhase section */

/* Begin PBXSourcesBuildPhase section */
		37A072FF14C487BB0094CD27 /* Sources */ = {
			isa = PBXSourcesBuildPhase;
			buildActionMask = 2147483647;
			files = (
				37A0731514C487BB0094CD27 /* objcswitch_tests.m in Sources */,
				37A0731A14C48A890094CD27 /* NSObject+objcswitch.m in Sources */,
			);
			runOnlyForDeploymentPostprocessing = 0;
		};
/* End PBXSourcesBuildPhase section */

/* Begin XCBuildConfiguration section */
		37A072F814C487580094CD27 /* Debug */ = {
			isa = XCBuildConfiguration;
			buildSettings = {
				ALWAYS_SEARCH_USER_PATHS = NO;
				ARCHS = "$(ARCHS_STANDARD_64_BIT)";
				CLANG_ENABLE_OBJC_ARC = YES;
				COPY_PHASE_STRIP = NO;
				GCC_C_LANGUAGE_STANDARD = gnu99;
				GCC_DYNAMIC_NO_PIC = NO;
				GCC_ENABLE_OBJC_EXCEPTIONS = YES;
				GCC_OPTIMIZATION_LEVEL = 0;
				GCC_PREPROCESSOR_DEFINITIONS = (
					"DEBUG=1",
					"$(inherited)",
				);
				GCC_SYMBOLS_PRIVATE_EXTERN = NO;
				GCC_VERSION = com.apple.compilers.llvm.clang.1_0;
				GCC_WARN_64_TO_32_BIT_CONVERSION = YES;
				GCC_WARN_ABOUT_MISSING_PROTOTYPES = YES;
				GCC_WARN_ABOUT_RETURN_TYPE = YES;
				GCC_WARN_UNUSED_VARIABLE = YES;
				MACOSX_DEPLOYMENT_TARGET = 10.7;
				ONLY_ACTIVE_ARCH = YES;
				SDKROOT = macosx;
			};
			name = Debug;
		};
		37A072F914C487580094CD27 /* Release */ = {
			isa = XCBuildConfiguration;
			buildSettings = {
				ALWAYS_SEARCH_USER_PATHS = NO;
				ARCHS = "$(ARCHS_STANDARD_64_BIT)";
				CLANG_ENABLE_OBJC_ARC = YES;
				COPY_PHASE_STRIP = YES;
				DEBUG_INFORMATION_FORMAT = "dwarf-with-dsym";
				GCC_C_LANGUAGE_STANDARD = gnu99;
				GCC_ENABLE_OBJC_EXCEPTIONS = YES;
				GCC_VERSION = com.apple.compilers.llvm.clang.1_0;
				GCC_WARN_64_TO_32_BIT_CONVERSION = YES;
				GCC_WARN_ABOUT_MISSING_PROTOTYPES = YES;
				GCC_WARN_ABOUT_RETURN_TYPE = YES;
				GCC_WARN_UNUSED_VARIABLE = YES;
				MACOSX_DEPLOYMENT_TARGET = 10.7;
				SDKROOT = macosx;
			};
			name = Release;
		};
		37A0731814C487BB0094CD27 /* Debug */ = {
			isa = XCBuildConfiguration;
			buildSettings = {
				FRAMEWORK_SEARCH_PATHS = "$(DEVELOPER_LIBRARY_DIR)/Frameworks";
				INFOPLIST_FILE = "objcswitch_tests-Info.plist";
				PRODUCT_NAME = "$(TARGET_NAME)";
				WRAPPER_EXTENSION = octest;
			};
			name = Debug;
		};
		37A0731914C487BB0094CD27 /* Release */ = {
			isa = XCBuildConfiguration;
			buildSettings = {
				FRAMEWORK_SEARCH_PATHS = "$(DEVELOPER_LIBRARY_DIR)/Frameworks";
				INFOPLIST_FILE = "objcswitch_tests-Info.plist";
				PRODUCT_NAME = "$(TARGET_NAME)";
				WRAPPER_EXTENSION = octest;
			};
			name = Release;
		};
/* End XCBuildConfiguration section */

/* Begin XCConfigurationList section */
		37A072E514C487570094CD27 /* Build configuration list for PBXProject "objcswitch" */ = {
			isa = XCConfigurationList;
			buildConfigurations = (
				37A072F814C487580094CD27 /* Debug */,
				37A072F914C487580094CD27 /* Release */,
			);
			defaultConfigurationIsVisible = 0;
			defaultConfigurationName = Release;
		};
		37A0731714C487BB0094CD27 /* Build configuration list for PBXNativeTarget "objcswitch_tests" */ = {
			isa = XCConfigurationList;
			buildConfigurations = (
				37A0731814C487BB0094CD27 /* Debug */,
				37A0731914C487BB0094CD27 /* Release */,
			);
			defaultConfigurationIsVisible = 0;
		};
/* End XCConfigurationList section */
	};
	rootObject = 37A072E214C487570094CD27 /* Project object */;
}
